
Microsoft Visual Studio Solution File, Format Version 12.00
# Visual Studio 15
VisualStudioVersion = 15.0.28307.329
MinimumVisualStudioVersion = 10.0.40219.1
Project("{FAE04EC0-301F-11D3-BF4B-00C04F79EFBC}") = "Prism.Xamarin.AsyncNavigation", "Prism.Xamarin.AsyncNavigation\Prism.Xamarin.AsyncNavigation.csproj", "{26A18732-10DA-4BF8-A91D-04CCCB83DB33}"
EndProject
Global
	GlobalSection(SolutionConfigurationPlatforms) = preSolution
		Debug|Any CPU = Debug|Any CPU
		Release|Any CPU = Release|Any CPU
	EndGlobalSection
	GlobalSection(ProjectConfigurationPlatforms) = postSolution
		{26A18732-10DA-4BF8-A91D-04CCCB83DB33}.Debug|Any CPU.ActiveCfg = Debug|Any CPU
		{26A18732-10DA-4BF8-A91D-04CCCB83DB33}.Debug|Any CPU.Build.0 = Debug|Any CPU
		{26A18732-10DA-4BF8-A91D-04CCCB83DB33}.Release|Any CPU.ActiveCfg = Release|Any CPU
		{26A18732-10DA-4BF8-A91D-04CCCB83DB33}.Release|Any CPU.Build.0 = Release|Any CPU
	EndGlobalSection
	GlobalSection(SolutionProperties) = preSolution
		HideSolutionNode = FALSE
	EndGlobalSection
	GlobalSection(ExtensibilityGlobals) = postSolution
		SolutionGuid = {5964A34B-8ED4-4D49-9DB3-FCEF14432319}
	EndGlobalSection
EndGlobal
