
Microsoft Visual Studio Solution File, Format Version 12.00
# Visual Studio 15
VisualStudioVersion = 15.0.28307.329
MinimumVisualStudioVersion = 10.0.40219.1
Project("{9A19103F-16F7-4668-BE54-9A1E7A4F7556}") = "Prism.Xamarin.AsyncNavigation", "Prism.Xamarin.AsyncNavigation\Prism.Xamarin.AsyncNavigation.csproj", "{26A18732-10DA-4BF8-A91D-04CCCB83DB33}"
EndProject
Project("{2150E333-8FDC-42A3-9474-1A3956D46DE8}") = "Examples", "Examples", "{FC8D98B4-0617-4FBC-B9D8-619EFD1F5C38}"
EndProject
Project("{2150E333-8FDC-42A3-9474-1A3956D46DE8}") = "ContosoCookbook", "ContosoCookbook", "{93090387-D182-4C2A-ACEF-14A89DA428CB}"
EndProject
Project("{9A19103F-16F7-4668-BE54-9A1E7A4F7556}") = "ContosoCookbook", "Examples\ContosoCookbook\ContosoCookbook\ContosoCookbook.csproj", "{00E33ADC-C429-4533-BA80-FEFD4108B1BF}"
EndProject
Project("{FAE04EC0-301F-11D3-BF4B-00C04F79EFBC}") = "ContosoCookbook.Droid", "Examples\ContosoCookbook\ContosoCookbook.Droid\ContosoCookbook.Droid.csproj", "{01E181A5-B5A0-4386-A66B-7CF20F15133F}"
EndProject
Project("{FAE04EC0-301F-11D3-BF4B-00C04F79EFBC}") = "ContosoCookbook.iOS", "Examples\ContosoCookbook\ContosoCookbook.iOS\ContosoCookbook.iOS.csproj", "{9A5881E0-BD67-40EE-ABBB-01DF2C6ABAF2}"
EndProject
Project("{FAE04EC0-301F-11D3-BF4B-00C04F79EFBC}") = "ContosoCookbook.UWP", "Examples\ContosoCookbook\ContosoCookbook.UWP\ContosoCookbook.UWP.csproj", "{57BA24B3-EBC6-4FF8-ADE1-9EC505C244BE}"
EndProject
Project("{9A19103F-16F7-4668-BE54-9A1E7A4F7556}") = "AsyncNavigationDemo", "Examples\AsyncNavigationDemo\AsyncNavigationDemo\AsyncNavigationDemo.csproj", "{86267503-FA51-49FB-86CD-89E80E84138F}"
EndProject
Project("{FAE04EC0-301F-11D3-BF4B-00C04F79EFBC}") = "AsyncNavigationDemo.Android", "Examples\AsyncNavigationDemo\AsyncNavigationDemo.Android\AsyncNavigationDemo.Android.csproj", "{8B77F108-C67B-45B1-8E4E-5372885D17D9}"
EndProject
Project("{FAE04EC0-301F-11D3-BF4B-00C04F79EFBC}") = "AsyncNavigationDemo.iOS", "Examples\AsyncNavigationDemo\AsyncNavigationDemo.iOS\AsyncNavigationDemo.iOS.csproj", "{35AA0C05-5D0A-4144-8F51-B54570ED6A6D}"
EndProject
Project("{FAE04EC0-301F-11D3-BF4B-00C04F79EFBC}") = "AsyncNavigationDemo.UWP", "Examples\AsyncNavigationDemo\AsyncNavigationDemo.UWP\AsyncNavigationDemo.UWP.csproj", "{3A8CF663-1BD6-49E2-B774-972DF0515033}"
EndProject
Project("{2150E333-8FDC-42A3-9474-1A3956D46DE8}") = "AsyncNavigation", "AsyncNavigation", "{FED4A25E-2AD0-4133-A78C-EDDAB196CF6C}"
EndProject
Project("{2150E333-8FDC-42A3-9474-1A3956D46DE8}") = "Tests", "Tests", "{A43B4E26-8A2A-44AC-A69E-AFDFE7776693}"
EndProject
Project("{9A19103F-16F7-4668-BE54-9A1E7A4F7556}") = "Prism.Forms.Tests", "Tests\Prism.Forms.Tests\Prism.Forms.Tests.csproj", "{A288E32C-559D-4DFE-8A1F-1C369EC998D5}"
EndProject
Global
	GlobalSection(SolutionConfigurationPlatforms) = preSolution
		Ad-Hoc|Any CPU = Ad-Hoc|Any CPU
		Ad-Hoc|ARM = Ad-Hoc|ARM
		Ad-Hoc|iPhone = Ad-Hoc|iPhone
		Ad-Hoc|iPhoneSimulator = Ad-Hoc|iPhoneSimulator
		Ad-Hoc|x64 = Ad-Hoc|x64
		Ad-Hoc|x86 = Ad-Hoc|x86
		AppStore|Any CPU = AppStore|Any CPU
		AppStore|ARM = AppStore|ARM
		AppStore|iPhone = AppStore|iPhone
		AppStore|iPhoneSimulator = AppStore|iPhoneSimulator
		AppStore|x64 = AppStore|x64
		AppStore|x86 = AppStore|x86
		Debug|Any CPU = Debug|Any CPU
		Debug|ARM = Debug|ARM
		Debug|iPhone = Debug|iPhone
		Debug|iPhoneSimulator = Debug|iPhoneSimulator
		Debug|x64 = Debug|x64
		Debug|x86 = Debug|x86
		Release|Any CPU = Release|Any CPU
		Release|ARM = Release|ARM
		Release|iPhone = Release|iPhone
		Release|iPhoneSimulator = Release|iPhoneSimulator
		Release|x64 = Release|x64
		Release|x86 = Release|x86
	EndGlobalSection
	GlobalSection(ProjectConfigurationPlatforms) = postSolution
		{26A18732-10DA-4BF8-A91D-04CCCB83DB33}.Ad-Hoc|Any CPU.ActiveCfg = Release|Any CPU
		{26A18732-10DA-4BF8-A91D-04CCCB83DB33}.Ad-Hoc|Any CPU.Build.0 = Release|Any CPU
		{26A18732-10DA-4BF8-A91D-04CCCB83DB33}.Ad-Hoc|ARM.ActiveCfg = Release|Any CPU
		{26A18732-10DA-4BF8-A91D-04CCCB83DB33}.Ad-Hoc|ARM.Build.0 = Release|Any CPU
		{26A18732-10DA-4BF8-A91D-04CCCB83DB33}.Ad-Hoc|iPhone.ActiveCfg = Release|Any CPU
		{26A18732-10DA-4BF8-A91D-04CCCB83DB33}.Ad-Hoc|iPhone.Build.0 = Release|Any CPU
		{26A18732-10DA-4BF8-A91D-04CCCB83DB33}.Ad-Hoc|iPhoneSimulator.ActiveCfg = Release|Any CPU
		{26A18732-10DA-4BF8-A91D-04CCCB83DB33}.Ad-Hoc|iPhoneSimulator.Build.0 = Release|Any CPU
		{26A18732-10DA-4BF8-A91D-04CCCB83DB33}.Ad-Hoc|x64.ActiveCfg = Release|Any CPU
		{26A18732-10DA-4BF8-A91D-04CCCB83DB33}.Ad-Hoc|x64.Build.0 = Release|Any CPU
		{26A18732-10DA-4BF8-A91D-04CCCB83DB33}.Ad-Hoc|x86.ActiveCfg = Release|Any CPU
		{26A18732-10DA-4BF8-A91D-04CCCB83DB33}.Ad-Hoc|x86.Build.0 = Release|Any CPU
		{26A18732-10DA-4BF8-A91D-04CCCB83DB33}.AppStore|Any CPU.ActiveCfg = Release|Any CPU
		{26A18732-10DA-4BF8-A91D-04CCCB83DB33}.AppStore|Any CPU.Build.0 = Release|Any CPU
		{26A18732-10DA-4BF8-A91D-04CCCB83DB33}.AppStore|ARM.ActiveCfg = Release|Any CPU
		{26A18732-10DA-4BF8-A91D-04CCCB83DB33}.AppStore|ARM.Build.0 = Release|Any CPU
		{26A18732-10DA-4BF8-A91D-04CCCB83DB33}.AppStore|iPhone.ActiveCfg = Release|Any CPU
		{26A18732-10DA-4BF8-A91D-04CCCB83DB33}.AppStore|iPhone.Build.0 = Release|Any CPU
		{26A18732-10DA-4BF8-A91D-04CCCB83DB33}.AppStore|iPhoneSimulator.ActiveCfg = Release|Any CPU
		{26A18732-10DA-4BF8-A91D-04CCCB83DB33}.AppStore|iPhoneSimulator.Build.0 = Release|Any CPU
		{26A18732-10DA-4BF8-A91D-04CCCB83DB33}.AppStore|x64.ActiveCfg = Release|Any CPU
		{26A18732-10DA-4BF8-A91D-04CCCB83DB33}.AppStore|x64.Build.0 = Release|Any CPU
		{26A18732-10DA-4BF8-A91D-04CCCB83DB33}.AppStore|x86.ActiveCfg = Release|Any CPU
		{26A18732-10DA-4BF8-A91D-04CCCB83DB33}.AppStore|x86.Build.0 = Release|Any CPU
		{26A18732-10DA-4BF8-A91D-04CCCB83DB33}.Debug|Any CPU.ActiveCfg = Debug|Any CPU
		{26A18732-10DA-4BF8-A91D-04CCCB83DB33}.Debug|Any CPU.Build.0 = Debug|Any CPU
		{26A18732-10DA-4BF8-A91D-04CCCB83DB33}.Debug|ARM.ActiveCfg = Debug|Any CPU
		{26A18732-10DA-4BF8-A91D-04CCCB83DB33}.Debug|ARM.Build.0 = Debug|Any CPU
		{26A18732-10DA-4BF8-A91D-04CCCB83DB33}.Debug|iPhone.ActiveCfg = Debug|Any CPU
		{26A18732-10DA-4BF8-A91D-04CCCB83DB33}.Debug|iPhone.Build.0 = Debug|Any CPU
		{26A18732-10DA-4BF8-A91D-04CCCB83DB33}.Debug|iPhoneSimulator.ActiveCfg = Debug|Any CPU
		{26A18732-10DA-4BF8-A91D-04CCCB83DB33}.Debug|iPhoneSimulator.Build.0 = Debug|Any CPU
		{26A18732-10DA-4BF8-A91D-04CCCB83DB33}.Debug|x64.ActiveCfg = Debug|Any CPU
		{26A18732-10DA-4BF8-A91D-04CCCB83DB33}.Debug|x64.Build.0 = Debug|Any CPU
		{26A18732-10DA-4BF8-A91D-04CCCB83DB33}.Debug|x86.ActiveCfg = Debug|Any CPU
		{26A18732-10DA-4BF8-A91D-04CCCB83DB33}.Debug|x86.Build.0 = Debug|Any CPU
		{26A18732-10DA-4BF8-A91D-04CCCB83DB33}.Release|Any CPU.ActiveCfg = Release|Any CPU
		{26A18732-10DA-4BF8-A91D-04CCCB83DB33}.Release|Any CPU.Build.0 = Release|Any CPU
		{26A18732-10DA-4BF8-A91D-04CCCB83DB33}.Release|ARM.ActiveCfg = Release|Any CPU
		{26A18732-10DA-4BF8-A91D-04CCCB83DB33}.Release|ARM.Build.0 = Release|Any CPU
		{26A18732-10DA-4BF8-A91D-04CCCB83DB33}.Release|iPhone.ActiveCfg = Release|Any CPU
		{26A18732-10DA-4BF8-A91D-04CCCB83DB33}.Release|iPhone.Build.0 = Release|Any CPU
		{26A18732-10DA-4BF8-A91D-04CCCB83DB33}.Release|iPhoneSimulator.ActiveCfg = Release|Any CPU
		{26A18732-10DA-4BF8-A91D-04CCCB83DB33}.Release|iPhoneSimulator.Build.0 = Release|Any CPU
		{26A18732-10DA-4BF8-A91D-04CCCB83DB33}.Release|x64.ActiveCfg = Release|Any CPU
		{26A18732-10DA-4BF8-A91D-04CCCB83DB33}.Release|x64.Build.0 = Release|Any CPU
		{26A18732-10DA-4BF8-A91D-04CCCB83DB33}.Release|x86.ActiveCfg = Release|Any CPU
		{26A18732-10DA-4BF8-A91D-04CCCB83DB33}.Release|x86.Build.0 = Release|Any CPU
		{00E33ADC-C429-4533-BA80-FEFD4108B1BF}.Ad-Hoc|Any CPU.ActiveCfg = Debug|Any CPU
		{00E33ADC-C429-4533-BA80-FEFD4108B1BF}.Ad-Hoc|Any CPU.Build.0 = Debug|Any CPU
		{00E33ADC-C429-4533-BA80-FEFD4108B1BF}.Ad-Hoc|ARM.ActiveCfg = Debug|Any CPU
		{00E33ADC-C429-4533-BA80-FEFD4108B1BF}.Ad-Hoc|ARM.Build.0 = Debug|Any CPU
		{00E33ADC-C429-4533-BA80-FEFD4108B1BF}.Ad-Hoc|iPhone.ActiveCfg = Debug|Any CPU
		{00E33ADC-C429-4533-BA80-FEFD4108B1BF}.Ad-Hoc|iPhone.Build.0 = Debug|Any CPU
		{00E33ADC-C429-4533-BA80-FEFD4108B1BF}.Ad-Hoc|iPhoneSimulator.ActiveCfg = Debug|Any CPU
		{00E33ADC-C429-4533-BA80-FEFD4108B1BF}.Ad-Hoc|iPhoneSimulator.Build.0 = Debug|Any CPU
		{00E33ADC-C429-4533-BA80-FEFD4108B1BF}.Ad-Hoc|x64.ActiveCfg = Debug|Any CPU
		{00E33ADC-C429-4533-BA80-FEFD4108B1BF}.Ad-Hoc|x64.Build.0 = Debug|Any CPU
		{00E33ADC-C429-4533-BA80-FEFD4108B1BF}.Ad-Hoc|x86.ActiveCfg = Debug|Any CPU
		{00E33ADC-C429-4533-BA80-FEFD4108B1BF}.Ad-Hoc|x86.Build.0 = Debug|Any CPU
		{00E33ADC-C429-4533-BA80-FEFD4108B1BF}.AppStore|Any CPU.ActiveCfg = Debug|Any CPU
		{00E33ADC-C429-4533-BA80-FEFD4108B1BF}.AppStore|Any CPU.Build.0 = Debug|Any CPU
		{00E33ADC-C429-4533-BA80-FEFD4108B1BF}.AppStore|ARM.ActiveCfg = Debug|Any CPU
		{00E33ADC-C429-4533-BA80-FEFD4108B1BF}.AppStore|ARM.Build.0 = Debug|Any CPU
		{00E33ADC-C429-4533-BA80-FEFD4108B1BF}.AppStore|iPhone.ActiveCfg = Debug|Any CPU
		{00E33ADC-C429-4533-BA80-FEFD4108B1BF}.AppStore|iPhone.Build.0 = Debug|Any CPU
		{00E33ADC-C429-4533-BA80-FEFD4108B1BF}.AppStore|iPhoneSimulator.ActiveCfg = Debug|Any CPU
		{00E33ADC-C429-4533-BA80-FEFD4108B1BF}.AppStore|iPhoneSimulator.Build.0 = Debug|Any CPU
		{00E33ADC-C429-4533-BA80-FEFD4108B1BF}.AppStore|x64.ActiveCfg = Debug|Any CPU
		{00E33ADC-C429-4533-BA80-FEFD4108B1BF}.AppStore|x64.Build.0 = Debug|Any CPU
		{00E33ADC-C429-4533-BA80-FEFD4108B1BF}.AppStore|x86.ActiveCfg = Debug|Any CPU
		{00E33ADC-C429-4533-BA80-FEFD4108B1BF}.AppStore|x86.Build.0 = Debug|Any CPU
		{00E33ADC-C429-4533-BA80-FEFD4108B1BF}.Debug|Any CPU.ActiveCfg = Debug|Any CPU
		{00E33ADC-C429-4533-BA80-FEFD4108B1BF}.Debug|Any CPU.Build.0 = Debug|Any CPU
		{00E33ADC-C429-4533-BA80-FEFD4108B1BF}.Debug|ARM.ActiveCfg = Debug|Any CPU
		{00E33ADC-C429-4533-BA80-FEFD4108B1BF}.Debug|ARM.Build.0 = Debug|Any CPU
		{00E33ADC-C429-4533-BA80-FEFD4108B1BF}.Debug|iPhone.ActiveCfg = Debug|Any CPU
		{00E33ADC-C429-4533-BA80-FEFD4108B1BF}.Debug|iPhone.Build.0 = Debug|Any CPU
		{00E33ADC-C429-4533-BA80-FEFD4108B1BF}.Debug|iPhoneSimulator.ActiveCfg = Debug|Any CPU
		{00E33ADC-C429-4533-BA80-FEFD4108B1BF}.Debug|iPhoneSimulator.Build.0 = Debug|Any CPU
		{00E33ADC-C429-4533-BA80-FEFD4108B1BF}.Debug|x64.ActiveCfg = Debug|Any CPU
		{00E33ADC-C429-4533-BA80-FEFD4108B1BF}.Debug|x64.Build.0 = Debug|Any CPU
		{00E33ADC-C429-4533-BA80-FEFD4108B1BF}.Debug|x86.ActiveCfg = Debug|Any CPU
		{00E33ADC-C429-4533-BA80-FEFD4108B1BF}.Debug|x86.Build.0 = Debug|Any CPU
		{00E33ADC-C429-4533-BA80-FEFD4108B1BF}.Release|Any CPU.ActiveCfg = Release|Any CPU
		{00E33ADC-C429-4533-BA80-FEFD4108B1BF}.Release|Any CPU.Build.0 = Release|Any CPU
		{00E33ADC-C429-4533-BA80-FEFD4108B1BF}.Release|ARM.ActiveCfg = Release|Any CPU
		{00E33ADC-C429-4533-BA80-FEFD4108B1BF}.Release|ARM.Build.0 = Release|Any CPU
		{00E33ADC-C429-4533-BA80-FEFD4108B1BF}.Release|iPhone.ActiveCfg = Release|Any CPU
		{00E33ADC-C429-4533-BA80-FEFD4108B1BF}.Release|iPhone.Build.0 = Release|Any CPU
		{00E33ADC-C429-4533-BA80-FEFD4108B1BF}.Release|iPhoneSimulator.ActiveCfg = Release|Any CPU
		{00E33ADC-C429-4533-BA80-FEFD4108B1BF}.Release|iPhoneSimulator.Build.0 = Release|Any CPU
		{00E33ADC-C429-4533-BA80-FEFD4108B1BF}.Release|x64.ActiveCfg = Release|Any CPU
		{00E33ADC-C429-4533-BA80-FEFD4108B1BF}.Release|x64.Build.0 = Release|Any CPU
		{00E33ADC-C429-4533-BA80-FEFD4108B1BF}.Release|x86.ActiveCfg = Release|Any CPU
		{00E33ADC-C429-4533-BA80-FEFD4108B1BF}.Release|x86.Build.0 = Release|Any CPU
		{01E181A5-B5A0-4386-A66B-7CF20F15133F}.Ad-Hoc|Any CPU.ActiveCfg = Release|Any CPU
		{01E181A5-B5A0-4386-A66B-7CF20F15133F}.Ad-Hoc|Any CPU.Build.0 = Release|Any CPU
		{01E181A5-B5A0-4386-A66B-7CF20F15133F}.Ad-Hoc|Any CPU.Deploy.0 = Release|Any CPU
		{01E181A5-B5A0-4386-A66B-7CF20F15133F}.Ad-Hoc|ARM.ActiveCfg = Release|Any CPU
		{01E181A5-B5A0-4386-A66B-7CF20F15133F}.Ad-Hoc|ARM.Build.0 = Release|Any CPU
		{01E181A5-B5A0-4386-A66B-7CF20F15133F}.Ad-Hoc|ARM.Deploy.0 = Release|Any CPU
		{01E181A5-B5A0-4386-A66B-7CF20F15133F}.Ad-Hoc|iPhone.ActiveCfg = Release|Any CPU
		{01E181A5-B5A0-4386-A66B-7CF20F15133F}.Ad-Hoc|iPhone.Build.0 = Release|Any CPU
		{01E181A5-B5A0-4386-A66B-7CF20F15133F}.Ad-Hoc|iPhone.Deploy.0 = Release|Any CPU
		{01E181A5-B5A0-4386-A66B-7CF20F15133F}.Ad-Hoc|iPhoneSimulator.ActiveCfg = Release|Any CPU
		{01E181A5-B5A0-4386-A66B-7CF20F15133F}.Ad-Hoc|iPhoneSimulator.Build.0 = Release|Any CPU
		{01E181A5-B5A0-4386-A66B-7CF20F15133F}.Ad-Hoc|iPhoneSimulator.Deploy.0 = Release|Any CPU
		{01E181A5-B5A0-4386-A66B-7CF20F15133F}.Ad-Hoc|x64.ActiveCfg = Release|Any CPU
		{01E181A5-B5A0-4386-A66B-7CF20F15133F}.Ad-Hoc|x64.Build.0 = Release|Any CPU
		{01E181A5-B5A0-4386-A66B-7CF20F15133F}.Ad-Hoc|x64.Deploy.0 = Release|Any CPU
		{01E181A5-B5A0-4386-A66B-7CF20F15133F}.Ad-Hoc|x86.ActiveCfg = Release|Any CPU
		{01E181A5-B5A0-4386-A66B-7CF20F15133F}.Ad-Hoc|x86.Build.0 = Release|Any CPU
		{01E181A5-B5A0-4386-A66B-7CF20F15133F}.Ad-Hoc|x86.Deploy.0 = Release|Any CPU
		{01E181A5-B5A0-4386-A66B-7CF20F15133F}.AppStore|Any CPU.ActiveCfg = Release|Any CPU
		{01E181A5-B5A0-4386-A66B-7CF20F15133F}.AppStore|Any CPU.Build.0 = Release|Any CPU
		{01E181A5-B5A0-4386-A66B-7CF20F15133F}.AppStore|Any CPU.Deploy.0 = Release|Any CPU
		{01E181A5-B5A0-4386-A66B-7CF20F15133F}.AppStore|ARM.ActiveCfg = Release|Any CPU
		{01E181A5-B5A0-4386-A66B-7CF20F15133F}.AppStore|ARM.Build.0 = Release|Any CPU
		{01E181A5-B5A0-4386-A66B-7CF20F15133F}.AppStore|ARM.Deploy.0 = Release|Any CPU
		{01E181A5-B5A0-4386-A66B-7CF20F15133F}.AppStore|iPhone.ActiveCfg = Release|Any CPU
		{01E181A5-B5A0-4386-A66B-7CF20F15133F}.AppStore|iPhone.Build.0 = Release|Any CPU
		{01E181A5-B5A0-4386-A66B-7CF20F15133F}.AppStore|iPhone.Deploy.0 = Release|Any CPU
		{01E181A5-B5A0-4386-A66B-7CF20F15133F}.AppStore|iPhoneSimulator.ActiveCfg = Release|Any CPU
		{01E181A5-B5A0-4386-A66B-7CF20F15133F}.AppStore|iPhoneSimulator.Build.0 = Release|Any CPU
		{01E181A5-B5A0-4386-A66B-7CF20F15133F}.AppStore|iPhoneSimulator.Deploy.0 = Release|Any CPU
		{01E181A5-B5A0-4386-A66B-7CF20F15133F}.AppStore|x64.ActiveCfg = Release|Any CPU
		{01E181A5-B5A0-4386-A66B-7CF20F15133F}.AppStore|x64.Build.0 = Release|Any CPU
		{01E181A5-B5A0-4386-A66B-7CF20F15133F}.AppStore|x64.Deploy.0 = Release|Any CPU
		{01E181A5-B5A0-4386-A66B-7CF20F15133F}.AppStore|x86.ActiveCfg = Release|Any CPU
		{01E181A5-B5A0-4386-A66B-7CF20F15133F}.AppStore|x86.Build.0 = Release|Any CPU
		{01E181A5-B5A0-4386-A66B-7CF20F15133F}.AppStore|x86.Deploy.0 = Release|Any CPU
		{01E181A5-B5A0-4386-A66B-7CF20F15133F}.Debug|Any CPU.ActiveCfg = Debug|Any CPU
		{01E181A5-B5A0-4386-A66B-7CF20F15133F}.Debug|Any CPU.Build.0 = Debug|Any CPU
		{01E181A5-B5A0-4386-A66B-7CF20F15133F}.Debug|Any CPU.Deploy.0 = Debug|Any CPU
		{01E181A5-B5A0-4386-A66B-7CF20F15133F}.Debug|ARM.ActiveCfg = Debug|Any CPU
		{01E181A5-B5A0-4386-A66B-7CF20F15133F}.Debug|ARM.Build.0 = Debug|Any CPU
		{01E181A5-B5A0-4386-A66B-7CF20F15133F}.Debug|ARM.Deploy.0 = Debug|Any CPU
		{01E181A5-B5A0-4386-A66B-7CF20F15133F}.Debug|iPhone.ActiveCfg = Debug|Any CPU
		{01E181A5-B5A0-4386-A66B-7CF20F15133F}.Debug|iPhone.Build.0 = Debug|Any CPU
		{01E181A5-B5A0-4386-A66B-7CF20F15133F}.Debug|iPhone.Deploy.0 = Debug|Any CPU
		{01E181A5-B5A0-4386-A66B-7CF20F15133F}.Debug|iPhoneSimulator.ActiveCfg = Debug|Any CPU
		{01E181A5-B5A0-4386-A66B-7CF20F15133F}.Debug|iPhoneSimulator.Build.0 = Debug|Any CPU
		{01E181A5-B5A0-4386-A66B-7CF20F15133F}.Debug|iPhoneSimulator.Deploy.0 = Debug|Any CPU
		{01E181A5-B5A0-4386-A66B-7CF20F15133F}.Debug|x64.ActiveCfg = Debug|Any CPU
		{01E181A5-B5A0-4386-A66B-7CF20F15133F}.Debug|x64.Build.0 = Debug|Any CPU
		{01E181A5-B5A0-4386-A66B-7CF20F15133F}.Debug|x64.Deploy.0 = Debug|Any CPU
		{01E181A5-B5A0-4386-A66B-7CF20F15133F}.Debug|x86.ActiveCfg = Debug|Any CPU
		{01E181A5-B5A0-4386-A66B-7CF20F15133F}.Debug|x86.Build.0 = Debug|Any CPU
		{01E181A5-B5A0-4386-A66B-7CF20F15133F}.Debug|x86.Deploy.0 = Debug|Any CPU
		{01E181A5-B5A0-4386-A66B-7CF20F15133F}.Release|Any CPU.ActiveCfg = Release|Any CPU
		{01E181A5-B5A0-4386-A66B-7CF20F15133F}.Release|Any CPU.Build.0 = Release|Any CPU
		{01E181A5-B5A0-4386-A66B-7CF20F15133F}.Release|Any CPU.Deploy.0 = Release|Any CPU
		{01E181A5-B5A0-4386-A66B-7CF20F15133F}.Release|ARM.ActiveCfg = Release|Any CPU
		{01E181A5-B5A0-4386-A66B-7CF20F15133F}.Release|ARM.Build.0 = Release|Any CPU
		{01E181A5-B5A0-4386-A66B-7CF20F15133F}.Release|ARM.Deploy.0 = Release|Any CPU
		{01E181A5-B5A0-4386-A66B-7CF20F15133F}.Release|iPhone.ActiveCfg = Release|Any CPU
		{01E181A5-B5A0-4386-A66B-7CF20F15133F}.Release|iPhone.Build.0 = Release|Any CPU
		{01E181A5-B5A0-4386-A66B-7CF20F15133F}.Release|iPhone.Deploy.0 = Release|Any CPU
		{01E181A5-B5A0-4386-A66B-7CF20F15133F}.Release|iPhoneSimulator.ActiveCfg = Release|Any CPU
		{01E181A5-B5A0-4386-A66B-7CF20F15133F}.Release|iPhoneSimulator.Build.0 = Release|Any CPU
		{01E181A5-B5A0-4386-A66B-7CF20F15133F}.Release|iPhoneSimulator.Deploy.0 = Release|Any CPU
		{01E181A5-B5A0-4386-A66B-7CF20F15133F}.Release|x64.ActiveCfg = Release|Any CPU
		{01E181A5-B5A0-4386-A66B-7CF20F15133F}.Release|x64.Build.0 = Release|Any CPU
		{01E181A5-B5A0-4386-A66B-7CF20F15133F}.Release|x64.Deploy.0 = Release|Any CPU
		{01E181A5-B5A0-4386-A66B-7CF20F15133F}.Release|x86.ActiveCfg = Release|Any CPU
		{01E181A5-B5A0-4386-A66B-7CF20F15133F}.Release|x86.Build.0 = Release|Any CPU
		{01E181A5-B5A0-4386-A66B-7CF20F15133F}.Release|x86.Deploy.0 = Release|Any CPU
		{9A5881E0-BD67-40EE-ABBB-01DF2C6ABAF2}.Ad-Hoc|Any CPU.ActiveCfg = Ad-Hoc|iPhone
		{9A5881E0-BD67-40EE-ABBB-01DF2C6ABAF2}.Ad-Hoc|ARM.ActiveCfg = Ad-Hoc|iPhone
		{9A5881E0-BD67-40EE-ABBB-01DF2C6ABAF2}.Ad-Hoc|iPhone.ActiveCfg = Ad-Hoc|iPhone
		{9A5881E0-BD67-40EE-ABBB-01DF2C6ABAF2}.Ad-Hoc|iPhone.Build.0 = Ad-Hoc|iPhone
		{9A5881E0-BD67-40EE-ABBB-01DF2C6ABAF2}.Ad-Hoc|iPhoneSimulator.ActiveCfg = Ad-Hoc|iPhoneSimulator
		{9A5881E0-BD67-40EE-ABBB-01DF2C6ABAF2}.Ad-Hoc|iPhoneSimulator.Build.0 = Ad-Hoc|iPhoneSimulator
		{9A5881E0-BD67-40EE-ABBB-01DF2C6ABAF2}.Ad-Hoc|x64.ActiveCfg = Ad-Hoc|iPhone
		{9A5881E0-BD67-40EE-ABBB-01DF2C6ABAF2}.Ad-Hoc|x86.ActiveCfg = Ad-Hoc|iPhone
		{9A5881E0-BD67-40EE-ABBB-01DF2C6ABAF2}.AppStore|Any CPU.ActiveCfg = AppStore|iPhone
		{9A5881E0-BD67-40EE-ABBB-01DF2C6ABAF2}.AppStore|ARM.ActiveCfg = AppStore|iPhone
		{9A5881E0-BD67-40EE-ABBB-01DF2C6ABAF2}.AppStore|iPhone.ActiveCfg = AppStore|iPhone
		{9A5881E0-BD67-40EE-ABBB-01DF2C6ABAF2}.AppStore|iPhone.Build.0 = AppStore|iPhone
		{9A5881E0-BD67-40EE-ABBB-01DF2C6ABAF2}.AppStore|iPhoneSimulator.ActiveCfg = AppStore|iPhoneSimulator
		{9A5881E0-BD67-40EE-ABBB-01DF2C6ABAF2}.AppStore|iPhoneSimulator.Build.0 = AppStore|iPhoneSimulator
		{9A5881E0-BD67-40EE-ABBB-01DF2C6ABAF2}.AppStore|x64.ActiveCfg = AppStore|iPhone
		{9A5881E0-BD67-40EE-ABBB-01DF2C6ABAF2}.AppStore|x86.ActiveCfg = AppStore|iPhone
		{9A5881E0-BD67-40EE-ABBB-01DF2C6ABAF2}.Debug|Any CPU.ActiveCfg = Debug|iPhone
		{9A5881E0-BD67-40EE-ABBB-01DF2C6ABAF2}.Debug|ARM.ActiveCfg = Debug|iPhone
		{9A5881E0-BD67-40EE-ABBB-01DF2C6ABAF2}.Debug|iPhone.ActiveCfg = Debug|iPhone
		{9A5881E0-BD67-40EE-ABBB-01DF2C6ABAF2}.Debug|iPhone.Build.0 = Debug|iPhone
		{9A5881E0-BD67-40EE-ABBB-01DF2C6ABAF2}.Debug|iPhoneSimulator.ActiveCfg = Debug|iPhoneSimulator
		{9A5881E0-BD67-40EE-ABBB-01DF2C6ABAF2}.Debug|iPhoneSimulator.Build.0 = Debug|iPhoneSimulator
		{9A5881E0-BD67-40EE-ABBB-01DF2C6ABAF2}.Debug|x64.ActiveCfg = Debug|iPhone
		{9A5881E0-BD67-40EE-ABBB-01DF2C6ABAF2}.Debug|x86.ActiveCfg = Debug|iPhone
		{9A5881E0-BD67-40EE-ABBB-01DF2C6ABAF2}.Release|Any CPU.ActiveCfg = Release|iPhone
		{9A5881E0-BD67-40EE-ABBB-01DF2C6ABAF2}.Release|ARM.ActiveCfg = Release|iPhone
		{9A5881E0-BD67-40EE-ABBB-01DF2C6ABAF2}.Release|iPhone.ActiveCfg = Release|iPhone
		{9A5881E0-BD67-40EE-ABBB-01DF2C6ABAF2}.Release|iPhone.Build.0 = Release|iPhone
		{9A5881E0-BD67-40EE-ABBB-01DF2C6ABAF2}.Release|iPhoneSimulator.ActiveCfg = Release|iPhoneSimulator
		{9A5881E0-BD67-40EE-ABBB-01DF2C6ABAF2}.Release|iPhoneSimulator.Build.0 = Release|iPhoneSimulator
		{9A5881E0-BD67-40EE-ABBB-01DF2C6ABAF2}.Release|x64.ActiveCfg = Release|iPhone
		{9A5881E0-BD67-40EE-ABBB-01DF2C6ABAF2}.Release|x86.ActiveCfg = Release|iPhone
		{57BA24B3-EBC6-4FF8-ADE1-9EC505C244BE}.Ad-Hoc|Any CPU.ActiveCfg = Release|x86
		{57BA24B3-EBC6-4FF8-ADE1-9EC505C244BE}.Ad-Hoc|Any CPU.Build.0 = Release|x86
		{57BA24B3-EBC6-4FF8-ADE1-9EC505C244BE}.Ad-Hoc|Any CPU.Deploy.0 = Release|x86
		{57BA24B3-EBC6-4FF8-ADE1-9EC505C244BE}.Ad-Hoc|ARM.ActiveCfg = Release|ARM
		{57BA24B3-EBC6-4FF8-ADE1-9EC505C244BE}.Ad-Hoc|ARM.Build.0 = Release|ARM
		{57BA24B3-EBC6-4FF8-ADE1-9EC505C244BE}.Ad-Hoc|ARM.Deploy.0 = Release|ARM
		{57BA24B3-EBC6-4FF8-ADE1-9EC505C244BE}.Ad-Hoc|iPhone.ActiveCfg = Release|x86
		{57BA24B3-EBC6-4FF8-ADE1-9EC505C244BE}.Ad-Hoc|iPhone.Build.0 = Release|x86
		{57BA24B3-EBC6-4FF8-ADE1-9EC505C244BE}.Ad-Hoc|iPhone.Deploy.0 = Release|x86
		{57BA24B3-EBC6-4FF8-ADE1-9EC505C244BE}.Ad-Hoc|iPhoneSimulator.ActiveCfg = Release|x86
		{57BA24B3-EBC6-4FF8-ADE1-9EC505C244BE}.Ad-Hoc|iPhoneSimulator.Build.0 = Release|x86
		{57BA24B3-EBC6-4FF8-ADE1-9EC505C244BE}.Ad-Hoc|iPhoneSimulator.Deploy.0 = Release|x86
		{57BA24B3-EBC6-4FF8-ADE1-9EC505C244BE}.Ad-Hoc|x64.ActiveCfg = Release|x64
		{57BA24B3-EBC6-4FF8-ADE1-9EC505C244BE}.Ad-Hoc|x64.Build.0 = Release|x64
		{57BA24B3-EBC6-4FF8-ADE1-9EC505C244BE}.Ad-Hoc|x64.Deploy.0 = Release|x64
		{57BA24B3-EBC6-4FF8-ADE1-9EC505C244BE}.Ad-Hoc|x86.ActiveCfg = Release|x86
		{57BA24B3-EBC6-4FF8-ADE1-9EC505C244BE}.Ad-Hoc|x86.Build.0 = Release|x86
		{57BA24B3-EBC6-4FF8-ADE1-9EC505C244BE}.Ad-Hoc|x86.Deploy.0 = Release|x86
		{57BA24B3-EBC6-4FF8-ADE1-9EC505C244BE}.AppStore|Any CPU.ActiveCfg = Release|x86
		{57BA24B3-EBC6-4FF8-ADE1-9EC505C244BE}.AppStore|Any CPU.Build.0 = Release|x86
		{57BA24B3-EBC6-4FF8-ADE1-9EC505C244BE}.AppStore|Any CPU.Deploy.0 = Release|x86
		{57BA24B3-EBC6-4FF8-ADE1-9EC505C244BE}.AppStore|ARM.ActiveCfg = Release|ARM
		{57BA24B3-EBC6-4FF8-ADE1-9EC505C244BE}.AppStore|ARM.Build.0 = Release|ARM
		{57BA24B3-EBC6-4FF8-ADE1-9EC505C244BE}.AppStore|ARM.Deploy.0 = Release|ARM
		{57BA24B3-EBC6-4FF8-ADE1-9EC505C244BE}.AppStore|iPhone.ActiveCfg = Release|x86
		{57BA24B3-EBC6-4FF8-ADE1-9EC505C244BE}.AppStore|iPhone.Build.0 = Release|x86
		{57BA24B3-EBC6-4FF8-ADE1-9EC505C244BE}.AppStore|iPhone.Deploy.0 = Release|x86
		{57BA24B3-EBC6-4FF8-ADE1-9EC505C244BE}.AppStore|iPhoneSimulator.ActiveCfg = Release|x86
		{57BA24B3-EBC6-4FF8-ADE1-9EC505C244BE}.AppStore|iPhoneSimulator.Build.0 = Release|x86
		{57BA24B3-EBC6-4FF8-ADE1-9EC505C244BE}.AppStore|iPhoneSimulator.Deploy.0 = Release|x86
		{57BA24B3-EBC6-4FF8-ADE1-9EC505C244BE}.AppStore|x64.ActiveCfg = Release|x64
		{57BA24B3-EBC6-4FF8-ADE1-9EC505C244BE}.AppStore|x64.Build.0 = Release|x64
		{57BA24B3-EBC6-4FF8-ADE1-9EC505C244BE}.AppStore|x64.Deploy.0 = Release|x64
		{57BA24B3-EBC6-4FF8-ADE1-9EC505C244BE}.AppStore|x86.ActiveCfg = Release|x86
		{57BA24B3-EBC6-4FF8-ADE1-9EC505C244BE}.AppStore|x86.Build.0 = Release|x86
		{57BA24B3-EBC6-4FF8-ADE1-9EC505C244BE}.AppStore|x86.Deploy.0 = Release|x86
		{57BA24B3-EBC6-4FF8-ADE1-9EC505C244BE}.Debug|Any CPU.ActiveCfg = Debug|x86
		{57BA24B3-EBC6-4FF8-ADE1-9EC505C244BE}.Debug|ARM.ActiveCfg = Debug|ARM
		{57BA24B3-EBC6-4FF8-ADE1-9EC505C244BE}.Debug|ARM.Build.0 = Debug|ARM
		{57BA24B3-EBC6-4FF8-ADE1-9EC505C244BE}.Debug|ARM.Deploy.0 = Debug|ARM
		{57BA24B3-EBC6-4FF8-ADE1-9EC505C244BE}.Debug|iPhone.ActiveCfg = Debug|x86
		{57BA24B3-EBC6-4FF8-ADE1-9EC505C244BE}.Debug|iPhoneSimulator.ActiveCfg = Debug|x86
		{57BA24B3-EBC6-4FF8-ADE1-9EC505C244BE}.Debug|x64.ActiveCfg = Debug|x64
		{57BA24B3-EBC6-4FF8-ADE1-9EC505C244BE}.Debug|x64.Build.0 = Debug|x64
		{57BA24B3-EBC6-4FF8-ADE1-9EC505C244BE}.Debug|x64.Deploy.0 = Debug|x64
		{57BA24B3-EBC6-4FF8-ADE1-9EC505C244BE}.Debug|x86.ActiveCfg = Debug|x86
		{57BA24B3-EBC6-4FF8-ADE1-9EC505C244BE}.Debug|x86.Build.0 = Debug|x86
		{57BA24B3-EBC6-4FF8-ADE1-9EC505C244BE}.Debug|x86.Deploy.0 = Debug|x86
		{57BA24B3-EBC6-4FF8-ADE1-9EC505C244BE}.Release|Any CPU.ActiveCfg = Release|x86
		{57BA24B3-EBC6-4FF8-ADE1-9EC505C244BE}.Release|ARM.ActiveCfg = Release|ARM
		{57BA24B3-EBC6-4FF8-ADE1-9EC505C244BE}.Release|ARM.Build.0 = Release|ARM
		{57BA24B3-EBC6-4FF8-ADE1-9EC505C244BE}.Release|ARM.Deploy.0 = Release|ARM
		{57BA24B3-EBC6-4FF8-ADE1-9EC505C244BE}.Release|iPhone.ActiveCfg = Release|x86
		{57BA24B3-EBC6-4FF8-ADE1-9EC505C244BE}.Release|iPhoneSimulator.ActiveCfg = Release|x86
		{57BA24B3-EBC6-4FF8-ADE1-9EC505C244BE}.Release|x64.ActiveCfg = Release|x64
		{57BA24B3-EBC6-4FF8-ADE1-9EC505C244BE}.Release|x64.Build.0 = Release|x64
		{57BA24B3-EBC6-4FF8-ADE1-9EC505C244BE}.Release|x64.Deploy.0 = Release|x64
		{57BA24B3-EBC6-4FF8-ADE1-9EC505C244BE}.Release|x86.ActiveCfg = Release|x86
		{57BA24B3-EBC6-4FF8-ADE1-9EC505C244BE}.Release|x86.Build.0 = Release|x86
		{57BA24B3-EBC6-4FF8-ADE1-9EC505C244BE}.Release|x86.Deploy.0 = Release|x86
		{86267503-FA51-49FB-86CD-89E80E84138F}.Ad-Hoc|Any CPU.ActiveCfg = Debug|Any CPU
		{86267503-FA51-49FB-86CD-89E80E84138F}.Ad-Hoc|Any CPU.Build.0 = Debug|Any CPU
		{86267503-FA51-49FB-86CD-89E80E84138F}.Ad-Hoc|ARM.ActiveCfg = Debug|Any CPU
		{86267503-FA51-49FB-86CD-89E80E84138F}.Ad-Hoc|ARM.Build.0 = Debug|Any CPU
		{86267503-FA51-49FB-86CD-89E80E84138F}.Ad-Hoc|iPhone.ActiveCfg = Debug|Any CPU
		{86267503-FA51-49FB-86CD-89E80E84138F}.Ad-Hoc|iPhone.Build.0 = Debug|Any CPU
		{86267503-FA51-49FB-86CD-89E80E84138F}.Ad-Hoc|iPhoneSimulator.ActiveCfg = Debug|Any CPU
		{86267503-FA51-49FB-86CD-89E80E84138F}.Ad-Hoc|iPhoneSimulator.Build.0 = Debug|Any CPU
		{86267503-FA51-49FB-86CD-89E80E84138F}.Ad-Hoc|x64.ActiveCfg = Debug|Any CPU
		{86267503-FA51-49FB-86CD-89E80E84138F}.Ad-Hoc|x64.Build.0 = Debug|Any CPU
		{86267503-FA51-49FB-86CD-89E80E84138F}.Ad-Hoc|x86.ActiveCfg = Debug|Any CPU
		{86267503-FA51-49FB-86CD-89E80E84138F}.Ad-Hoc|x86.Build.0 = Debug|Any CPU
		{86267503-FA51-49FB-86CD-89E80E84138F}.AppStore|Any CPU.ActiveCfg = Debug|Any CPU
		{86267503-FA51-49FB-86CD-89E80E84138F}.AppStore|Any CPU.Build.0 = Debug|Any CPU
		{86267503-FA51-49FB-86CD-89E80E84138F}.AppStore|ARM.ActiveCfg = Debug|Any CPU
		{86267503-FA51-49FB-86CD-89E80E84138F}.AppStore|ARM.Build.0 = Debug|Any CPU
		{86267503-FA51-49FB-86CD-89E80E84138F}.AppStore|iPhone.ActiveCfg = Debug|Any CPU
		{86267503-FA51-49FB-86CD-89E80E84138F}.AppStore|iPhone.Build.0 = Debug|Any CPU
		{86267503-FA51-49FB-86CD-89E80E84138F}.AppStore|iPhoneSimulator.ActiveCfg = Debug|Any CPU
		{86267503-FA51-49FB-86CD-89E80E84138F}.AppStore|iPhoneSimulator.Build.0 = Debug|Any CPU
		{86267503-FA51-49FB-86CD-89E80E84138F}.AppStore|x64.ActiveCfg = Debug|Any CPU
		{86267503-FA51-49FB-86CD-89E80E84138F}.AppStore|x64.Build.0 = Debug|Any CPU
		{86267503-FA51-49FB-86CD-89E80E84138F}.AppStore|x86.ActiveCfg = Debug|Any CPU
		{86267503-FA51-49FB-86CD-89E80E84138F}.AppStore|x86.Build.0 = Debug|Any CPU
		{86267503-FA51-49FB-86CD-89E80E84138F}.Debug|Any CPU.ActiveCfg = Debug|Any CPU
		{86267503-FA51-49FB-86CD-89E80E84138F}.Debug|Any CPU.Build.0 = Debug|Any CPU
		{86267503-FA51-49FB-86CD-89E80E84138F}.Debug|ARM.ActiveCfg = Debug|Any CPU
		{86267503-FA51-49FB-86CD-89E80E84138F}.Debug|ARM.Build.0 = Debug|Any CPU
		{86267503-FA51-49FB-86CD-89E80E84138F}.Debug|iPhone.ActiveCfg = Debug|Any CPU
		{86267503-FA51-49FB-86CD-89E80E84138F}.Debug|iPhone.Build.0 = Debug|Any CPU
		{86267503-FA51-49FB-86CD-89E80E84138F}.Debug|iPhoneSimulator.ActiveCfg = Debug|Any CPU
		{86267503-FA51-49FB-86CD-89E80E84138F}.Debug|iPhoneSimulator.Build.0 = Debug|Any CPU
		{86267503-FA51-49FB-86CD-89E80E84138F}.Debug|x64.ActiveCfg = Debug|Any CPU
		{86267503-FA51-49FB-86CD-89E80E84138F}.Debug|x64.Build.0 = Debug|Any CPU
		{86267503-FA51-49FB-86CD-89E80E84138F}.Debug|x86.ActiveCfg = Debug|Any CPU
		{86267503-FA51-49FB-86CD-89E80E84138F}.Debug|x86.Build.0 = Debug|Any CPU
		{86267503-FA51-49FB-86CD-89E80E84138F}.Release|Any CPU.ActiveCfg = Release|Any CPU
		{86267503-FA51-49FB-86CD-89E80E84138F}.Release|Any CPU.Build.0 = Release|Any CPU
		{86267503-FA51-49FB-86CD-89E80E84138F}.Release|ARM.ActiveCfg = Release|Any CPU
		{86267503-FA51-49FB-86CD-89E80E84138F}.Release|ARM.Build.0 = Release|Any CPU
		{86267503-FA51-49FB-86CD-89E80E84138F}.Release|iPhone.ActiveCfg = Release|Any CPU
		{86267503-FA51-49FB-86CD-89E80E84138F}.Release|iPhone.Build.0 = Release|Any CPU
		{86267503-FA51-49FB-86CD-89E80E84138F}.Release|iPhoneSimulator.ActiveCfg = Release|Any CPU
		{86267503-FA51-49FB-86CD-89E80E84138F}.Release|iPhoneSimulator.Build.0 = Release|Any CPU
		{86267503-FA51-49FB-86CD-89E80E84138F}.Release|x64.ActiveCfg = Release|Any CPU
		{86267503-FA51-49FB-86CD-89E80E84138F}.Release|x64.Build.0 = Release|Any CPU
		{86267503-FA51-49FB-86CD-89E80E84138F}.Release|x86.ActiveCfg = Release|Any CPU
		{86267503-FA51-49FB-86CD-89E80E84138F}.Release|x86.Build.0 = Release|Any CPU
		{8B77F108-C67B-45B1-8E4E-5372885D17D9}.Ad-Hoc|Any CPU.ActiveCfg = Release|Any CPU
		{8B77F108-C67B-45B1-8E4E-5372885D17D9}.Ad-Hoc|Any CPU.Build.0 = Release|Any CPU
		{8B77F108-C67B-45B1-8E4E-5372885D17D9}.Ad-Hoc|Any CPU.Deploy.0 = Release|Any CPU
		{8B77F108-C67B-45B1-8E4E-5372885D17D9}.Ad-Hoc|ARM.ActiveCfg = Release|Any CPU
		{8B77F108-C67B-45B1-8E4E-5372885D17D9}.Ad-Hoc|ARM.Build.0 = Release|Any CPU
		{8B77F108-C67B-45B1-8E4E-5372885D17D9}.Ad-Hoc|ARM.Deploy.0 = Release|Any CPU
		{8B77F108-C67B-45B1-8E4E-5372885D17D9}.Ad-Hoc|iPhone.ActiveCfg = Release|Any CPU
		{8B77F108-C67B-45B1-8E4E-5372885D17D9}.Ad-Hoc|iPhone.Build.0 = Release|Any CPU
		{8B77F108-C67B-45B1-8E4E-5372885D17D9}.Ad-Hoc|iPhone.Deploy.0 = Release|Any CPU
		{8B77F108-C67B-45B1-8E4E-5372885D17D9}.Ad-Hoc|iPhoneSimulator.ActiveCfg = Release|Any CPU
		{8B77F108-C67B-45B1-8E4E-5372885D17D9}.Ad-Hoc|iPhoneSimulator.Build.0 = Release|Any CPU
		{8B77F108-C67B-45B1-8E4E-5372885D17D9}.Ad-Hoc|iPhoneSimulator.Deploy.0 = Release|Any CPU
		{8B77F108-C67B-45B1-8E4E-5372885D17D9}.Ad-Hoc|x64.ActiveCfg = Release|Any CPU
		{8B77F108-C67B-45B1-8E4E-5372885D17D9}.Ad-Hoc|x64.Build.0 = Release|Any CPU
		{8B77F108-C67B-45B1-8E4E-5372885D17D9}.Ad-Hoc|x64.Deploy.0 = Release|Any CPU
		{8B77F108-C67B-45B1-8E4E-5372885D17D9}.Ad-Hoc|x86.ActiveCfg = Release|Any CPU
		{8B77F108-C67B-45B1-8E4E-5372885D17D9}.Ad-Hoc|x86.Build.0 = Release|Any CPU
		{8B77F108-C67B-45B1-8E4E-5372885D17D9}.Ad-Hoc|x86.Deploy.0 = Release|Any CPU
		{8B77F108-C67B-45B1-8E4E-5372885D17D9}.AppStore|Any CPU.ActiveCfg = Release|Any CPU
		{8B77F108-C67B-45B1-8E4E-5372885D17D9}.AppStore|Any CPU.Build.0 = Release|Any CPU
		{8B77F108-C67B-45B1-8E4E-5372885D17D9}.AppStore|Any CPU.Deploy.0 = Release|Any CPU
		{8B77F108-C67B-45B1-8E4E-5372885D17D9}.AppStore|ARM.ActiveCfg = Release|Any CPU
		{8B77F108-C67B-45B1-8E4E-5372885D17D9}.AppStore|ARM.Build.0 = Release|Any CPU
		{8B77F108-C67B-45B1-8E4E-5372885D17D9}.AppStore|ARM.Deploy.0 = Release|Any CPU
		{8B77F108-C67B-45B1-8E4E-5372885D17D9}.AppStore|iPhone.ActiveCfg = Release|Any CPU
		{8B77F108-C67B-45B1-8E4E-5372885D17D9}.AppStore|iPhone.Build.0 = Release|Any CPU
		{8B77F108-C67B-45B1-8E4E-5372885D17D9}.AppStore|iPhone.Deploy.0 = Release|Any CPU
		{8B77F108-C67B-45B1-8E4E-5372885D17D9}.AppStore|iPhoneSimulator.ActiveCfg = Release|Any CPU
		{8B77F108-C67B-45B1-8E4E-5372885D17D9}.AppStore|iPhoneSimulator.Build.0 = Release|Any CPU
		{8B77F108-C67B-45B1-8E4E-5372885D17D9}.AppStore|iPhoneSimulator.Deploy.0 = Release|Any CPU
		{8B77F108-C67B-45B1-8E4E-5372885D17D9}.AppStore|x64.ActiveCfg = Release|Any CPU
		{8B77F108-C67B-45B1-8E4E-5372885D17D9}.AppStore|x64.Build.0 = Release|Any CPU
		{8B77F108-C67B-45B1-8E4E-5372885D17D9}.AppStore|x64.Deploy.0 = Release|Any CPU
		{8B77F108-C67B-45B1-8E4E-5372885D17D9}.AppStore|x86.ActiveCfg = Release|Any CPU
		{8B77F108-C67B-45B1-8E4E-5372885D17D9}.AppStore|x86.Build.0 = Release|Any CPU
		{8B77F108-C67B-45B1-8E4E-5372885D17D9}.AppStore|x86.Deploy.0 = Release|Any CPU
		{8B77F108-C67B-45B1-8E4E-5372885D17D9}.Debug|Any CPU.ActiveCfg = Debug|Any CPU
		{8B77F108-C67B-45B1-8E4E-5372885D17D9}.Debug|Any CPU.Build.0 = Debug|Any CPU
		{8B77F108-C67B-45B1-8E4E-5372885D17D9}.Debug|Any CPU.Deploy.0 = Debug|Any CPU
		{8B77F108-C67B-45B1-8E4E-5372885D17D9}.Debug|ARM.ActiveCfg = Debug|Any CPU
		{8B77F108-C67B-45B1-8E4E-5372885D17D9}.Debug|ARM.Build.0 = Debug|Any CPU
		{8B77F108-C67B-45B1-8E4E-5372885D17D9}.Debug|ARM.Deploy.0 = Debug|Any CPU
		{8B77F108-C67B-45B1-8E4E-5372885D17D9}.Debug|iPhone.ActiveCfg = Debug|Any CPU
		{8B77F108-C67B-45B1-8E4E-5372885D17D9}.Debug|iPhone.Build.0 = Debug|Any CPU
		{8B77F108-C67B-45B1-8E4E-5372885D17D9}.Debug|iPhone.Deploy.0 = Debug|Any CPU
		{8B77F108-C67B-45B1-8E4E-5372885D17D9}.Debug|iPhoneSimulator.ActiveCfg = Debug|Any CPU
		{8B77F108-C67B-45B1-8E4E-5372885D17D9}.Debug|iPhoneSimulator.Build.0 = Debug|Any CPU
		{8B77F108-C67B-45B1-8E4E-5372885D17D9}.Debug|iPhoneSimulator.Deploy.0 = Debug|Any CPU
		{8B77F108-C67B-45B1-8E4E-5372885D17D9}.Debug|x64.ActiveCfg = Debug|Any CPU
		{8B77F108-C67B-45B1-8E4E-5372885D17D9}.Debug|x64.Build.0 = Debug|Any CPU
		{8B77F108-C67B-45B1-8E4E-5372885D17D9}.Debug|x64.Deploy.0 = Debug|Any CPU
		{8B77F108-C67B-45B1-8E4E-5372885D17D9}.Debug|x86.ActiveCfg = Debug|Any CPU
		{8B77F108-C67B-45B1-8E4E-5372885D17D9}.Debug|x86.Build.0 = Debug|Any CPU
		{8B77F108-C67B-45B1-8E4E-5372885D17D9}.Debug|x86.Deploy.0 = Debug|Any CPU
		{8B77F108-C67B-45B1-8E4E-5372885D17D9}.Release|Any CPU.ActiveCfg = Release|Any CPU
		{8B77F108-C67B-45B1-8E4E-5372885D17D9}.Release|Any CPU.Build.0 = Release|Any CPU
		{8B77F108-C67B-45B1-8E4E-5372885D17D9}.Release|Any CPU.Deploy.0 = Release|Any CPU
		{8B77F108-C67B-45B1-8E4E-5372885D17D9}.Release|ARM.ActiveCfg = Release|Any CPU
		{8B77F108-C67B-45B1-8E4E-5372885D17D9}.Release|ARM.Build.0 = Release|Any CPU
		{8B77F108-C67B-45B1-8E4E-5372885D17D9}.Release|ARM.Deploy.0 = Release|Any CPU
		{8B77F108-C67B-45B1-8E4E-5372885D17D9}.Release|iPhone.ActiveCfg = Release|Any CPU
		{8B77F108-C67B-45B1-8E4E-5372885D17D9}.Release|iPhone.Build.0 = Release|Any CPU
		{8B77F108-C67B-45B1-8E4E-5372885D17D9}.Release|iPhone.Deploy.0 = Release|Any CPU
		{8B77F108-C67B-45B1-8E4E-5372885D17D9}.Release|iPhoneSimulator.ActiveCfg = Release|Any CPU
		{8B77F108-C67B-45B1-8E4E-5372885D17D9}.Release|iPhoneSimulator.Build.0 = Release|Any CPU
		{8B77F108-C67B-45B1-8E4E-5372885D17D9}.Release|iPhoneSimulator.Deploy.0 = Release|Any CPU
		{8B77F108-C67B-45B1-8E4E-5372885D17D9}.Release|x64.ActiveCfg = Release|Any CPU
		{8B77F108-C67B-45B1-8E4E-5372885D17D9}.Release|x64.Build.0 = Release|Any CPU
		{8B77F108-C67B-45B1-8E4E-5372885D17D9}.Release|x64.Deploy.0 = Release|Any CPU
		{8B77F108-C67B-45B1-8E4E-5372885D17D9}.Release|x86.ActiveCfg = Release|Any CPU
		{8B77F108-C67B-45B1-8E4E-5372885D17D9}.Release|x86.Build.0 = Release|Any CPU
		{8B77F108-C67B-45B1-8E4E-5372885D17D9}.Release|x86.Deploy.0 = Release|Any CPU
		{35AA0C05-5D0A-4144-8F51-B54570ED6A6D}.Ad-Hoc|Any CPU.ActiveCfg = Ad-Hoc|iPhone
		{35AA0C05-5D0A-4144-8F51-B54570ED6A6D}.Ad-Hoc|ARM.ActiveCfg = Ad-Hoc|iPhone
		{35AA0C05-5D0A-4144-8F51-B54570ED6A6D}.Ad-Hoc|iPhone.ActiveCfg = Ad-Hoc|iPhone
		{35AA0C05-5D0A-4144-8F51-B54570ED6A6D}.Ad-Hoc|iPhone.Build.0 = Ad-Hoc|iPhone
		{35AA0C05-5D0A-4144-8F51-B54570ED6A6D}.Ad-Hoc|iPhoneSimulator.ActiveCfg = Ad-Hoc|iPhoneSimulator
		{35AA0C05-5D0A-4144-8F51-B54570ED6A6D}.Ad-Hoc|iPhoneSimulator.Build.0 = Ad-Hoc|iPhoneSimulator
		{35AA0C05-5D0A-4144-8F51-B54570ED6A6D}.Ad-Hoc|x64.ActiveCfg = Ad-Hoc|iPhone
		{35AA0C05-5D0A-4144-8F51-B54570ED6A6D}.Ad-Hoc|x86.ActiveCfg = Ad-Hoc|iPhone
		{35AA0C05-5D0A-4144-8F51-B54570ED6A6D}.AppStore|Any CPU.ActiveCfg = AppStore|iPhone
		{35AA0C05-5D0A-4144-8F51-B54570ED6A6D}.AppStore|ARM.ActiveCfg = AppStore|iPhone
		{35AA0C05-5D0A-4144-8F51-B54570ED6A6D}.AppStore|iPhone.ActiveCfg = AppStore|iPhone
		{35AA0C05-5D0A-4144-8F51-B54570ED6A6D}.AppStore|iPhone.Build.0 = AppStore|iPhone
		{35AA0C05-5D0A-4144-8F51-B54570ED6A6D}.AppStore|iPhoneSimulator.ActiveCfg = AppStore|iPhoneSimulator
		{35AA0C05-5D0A-4144-8F51-B54570ED6A6D}.AppStore|iPhoneSimulator.Build.0 = AppStore|iPhoneSimulator
		{35AA0C05-5D0A-4144-8F51-B54570ED6A6D}.AppStore|x64.ActiveCfg = AppStore|iPhone
		{35AA0C05-5D0A-4144-8F51-B54570ED6A6D}.AppStore|x86.ActiveCfg = AppStore|iPhone
		{35AA0C05-5D0A-4144-8F51-B54570ED6A6D}.Debug|Any CPU.ActiveCfg = Debug|iPhone
		{35AA0C05-5D0A-4144-8F51-B54570ED6A6D}.Debug|ARM.ActiveCfg = Debug|iPhone
		{35AA0C05-5D0A-4144-8F51-B54570ED6A6D}.Debug|iPhone.ActiveCfg = Debug|iPhone
		{35AA0C05-5D0A-4144-8F51-B54570ED6A6D}.Debug|iPhone.Build.0 = Debug|iPhone
		{35AA0C05-5D0A-4144-8F51-B54570ED6A6D}.Debug|iPhoneSimulator.ActiveCfg = Debug|iPhoneSimulator
		{35AA0C05-5D0A-4144-8F51-B54570ED6A6D}.Debug|iPhoneSimulator.Build.0 = Debug|iPhoneSimulator
		{35AA0C05-5D0A-4144-8F51-B54570ED6A6D}.Debug|x64.ActiveCfg = Debug|iPhone
		{35AA0C05-5D0A-4144-8F51-B54570ED6A6D}.Debug|x86.ActiveCfg = Debug|iPhone
		{35AA0C05-5D0A-4144-8F51-B54570ED6A6D}.Release|Any CPU.ActiveCfg = Release|iPhone
		{35AA0C05-5D0A-4144-8F51-B54570ED6A6D}.Release|ARM.ActiveCfg = Release|iPhone
		{35AA0C05-5D0A-4144-8F51-B54570ED6A6D}.Release|iPhone.ActiveCfg = Release|iPhone
		{35AA0C05-5D0A-4144-8F51-B54570ED6A6D}.Release|iPhone.Build.0 = Release|iPhone
		{35AA0C05-5D0A-4144-8F51-B54570ED6A6D}.Release|iPhoneSimulator.ActiveCfg = Release|iPhoneSimulator
		{35AA0C05-5D0A-4144-8F51-B54570ED6A6D}.Release|iPhoneSimulator.Build.0 = Release|iPhoneSimulator
		{35AA0C05-5D0A-4144-8F51-B54570ED6A6D}.Release|x64.ActiveCfg = Release|iPhone
		{35AA0C05-5D0A-4144-8F51-B54570ED6A6D}.Release|x86.ActiveCfg = Release|iPhone
		{3A8CF663-1BD6-49E2-B774-972DF0515033}.Ad-Hoc|Any CPU.ActiveCfg = Release|x86
		{3A8CF663-1BD6-49E2-B774-972DF0515033}.Ad-Hoc|Any CPU.Build.0 = Release|x86
		{3A8CF663-1BD6-49E2-B774-972DF0515033}.Ad-Hoc|Any CPU.Deploy.0 = Release|x86
		{3A8CF663-1BD6-49E2-B774-972DF0515033}.Ad-Hoc|ARM.ActiveCfg = Release|ARM
		{3A8CF663-1BD6-49E2-B774-972DF0515033}.Ad-Hoc|ARM.Build.0 = Release|ARM
		{3A8CF663-1BD6-49E2-B774-972DF0515033}.Ad-Hoc|ARM.Deploy.0 = Release|ARM
		{3A8CF663-1BD6-49E2-B774-972DF0515033}.Ad-Hoc|iPhone.ActiveCfg = Release|x86
		{3A8CF663-1BD6-49E2-B774-972DF0515033}.Ad-Hoc|iPhone.Build.0 = Release|x86
		{3A8CF663-1BD6-49E2-B774-972DF0515033}.Ad-Hoc|iPhone.Deploy.0 = Release|x86
		{3A8CF663-1BD6-49E2-B774-972DF0515033}.Ad-Hoc|iPhoneSimulator.ActiveCfg = Release|x86
		{3A8CF663-1BD6-49E2-B774-972DF0515033}.Ad-Hoc|iPhoneSimulator.Build.0 = Release|x86
		{3A8CF663-1BD6-49E2-B774-972DF0515033}.Ad-Hoc|iPhoneSimulator.Deploy.0 = Release|x86
		{3A8CF663-1BD6-49E2-B774-972DF0515033}.Ad-Hoc|x64.ActiveCfg = Release|x64
		{3A8CF663-1BD6-49E2-B774-972DF0515033}.Ad-Hoc|x64.Build.0 = Release|x64
		{3A8CF663-1BD6-49E2-B774-972DF0515033}.Ad-Hoc|x64.Deploy.0 = Release|x64
		{3A8CF663-1BD6-49E2-B774-972DF0515033}.Ad-Hoc|x86.ActiveCfg = Release|x86
		{3A8CF663-1BD6-49E2-B774-972DF0515033}.Ad-Hoc|x86.Build.0 = Release|x86
		{3A8CF663-1BD6-49E2-B774-972DF0515033}.Ad-Hoc|x86.Deploy.0 = Release|x86
		{3A8CF663-1BD6-49E2-B774-972DF0515033}.AppStore|Any CPU.ActiveCfg = Release|x86
		{3A8CF663-1BD6-49E2-B774-972DF0515033}.AppStore|Any CPU.Build.0 = Release|x86
		{3A8CF663-1BD6-49E2-B774-972DF0515033}.AppStore|Any CPU.Deploy.0 = Release|x86
		{3A8CF663-1BD6-49E2-B774-972DF0515033}.AppStore|ARM.ActiveCfg = Release|ARM
		{3A8CF663-1BD6-49E2-B774-972DF0515033}.AppStore|ARM.Build.0 = Release|ARM
		{3A8CF663-1BD6-49E2-B774-972DF0515033}.AppStore|ARM.Deploy.0 = Release|ARM
		{3A8CF663-1BD6-49E2-B774-972DF0515033}.AppStore|iPhone.ActiveCfg = Release|x86
		{3A8CF663-1BD6-49E2-B774-972DF0515033}.AppStore|iPhone.Build.0 = Release|x86
		{3A8CF663-1BD6-49E2-B774-972DF0515033}.AppStore|iPhone.Deploy.0 = Release|x86
		{3A8CF663-1BD6-49E2-B774-972DF0515033}.AppStore|iPhoneSimulator.ActiveCfg = Release|x86
		{3A8CF663-1BD6-49E2-B774-972DF0515033}.AppStore|iPhoneSimulator.Build.0 = Release|x86
		{3A8CF663-1BD6-49E2-B774-972DF0515033}.AppStore|iPhoneSimulator.Deploy.0 = Release|x86
		{3A8CF663-1BD6-49E2-B774-972DF0515033}.AppStore|x64.ActiveCfg = Release|x64
		{3A8CF663-1BD6-49E2-B774-972DF0515033}.AppStore|x64.Build.0 = Release|x64
		{3A8CF663-1BD6-49E2-B774-972DF0515033}.AppStore|x64.Deploy.0 = Release|x64
		{3A8CF663-1BD6-49E2-B774-972DF0515033}.AppStore|x86.ActiveCfg = Release|x86
		{3A8CF663-1BD6-49E2-B774-972DF0515033}.AppStore|x86.Build.0 = Release|x86
		{3A8CF663-1BD6-49E2-B774-972DF0515033}.AppStore|x86.Deploy.0 = Release|x86
		{3A8CF663-1BD6-49E2-B774-972DF0515033}.Debug|Any CPU.ActiveCfg = Debug|x86
		{3A8CF663-1BD6-49E2-B774-972DF0515033}.Debug|ARM.ActiveCfg = Debug|ARM
		{3A8CF663-1BD6-49E2-B774-972DF0515033}.Debug|ARM.Build.0 = Debug|ARM
		{3A8CF663-1BD6-49E2-B774-972DF0515033}.Debug|ARM.Deploy.0 = Debug|ARM
		{3A8CF663-1BD6-49E2-B774-972DF0515033}.Debug|iPhone.ActiveCfg = Debug|x86
		{3A8CF663-1BD6-49E2-B774-972DF0515033}.Debug|iPhoneSimulator.ActiveCfg = Debug|x86
		{3A8CF663-1BD6-49E2-B774-972DF0515033}.Debug|x64.ActiveCfg = Debug|x64
		{3A8CF663-1BD6-49E2-B774-972DF0515033}.Debug|x64.Build.0 = Debug|x64
		{3A8CF663-1BD6-49E2-B774-972DF0515033}.Debug|x64.Deploy.0 = Debug|x64
		{3A8CF663-1BD6-49E2-B774-972DF0515033}.Debug|x86.ActiveCfg = Debug|x86
		{3A8CF663-1BD6-49E2-B774-972DF0515033}.Debug|x86.Build.0 = Debug|x86
		{3A8CF663-1BD6-49E2-B774-972DF0515033}.Debug|x86.Deploy.0 = Debug|x86
		{3A8CF663-1BD6-49E2-B774-972DF0515033}.Release|Any CPU.ActiveCfg = Release|x86
		{3A8CF663-1BD6-49E2-B774-972DF0515033}.Release|ARM.ActiveCfg = Release|ARM
		{3A8CF663-1BD6-49E2-B774-972DF0515033}.Release|ARM.Build.0 = Release|ARM
		{3A8CF663-1BD6-49E2-B774-972DF0515033}.Release|ARM.Deploy.0 = Release|ARM
		{3A8CF663-1BD6-49E2-B774-972DF0515033}.Release|iPhone.ActiveCfg = Release|x86
		{3A8CF663-1BD6-49E2-B774-972DF0515033}.Release|iPhoneSimulator.ActiveCfg = Release|x86
		{3A8CF663-1BD6-49E2-B774-972DF0515033}.Release|x64.ActiveCfg = Release|x64
		{3A8CF663-1BD6-49E2-B774-972DF0515033}.Release|x64.Build.0 = Release|x64
		{3A8CF663-1BD6-49E2-B774-972DF0515033}.Release|x64.Deploy.0 = Release|x64
		{3A8CF663-1BD6-49E2-B774-972DF0515033}.Release|x86.ActiveCfg = Release|x86
		{3A8CF663-1BD6-49E2-B774-972DF0515033}.Release|x86.Build.0 = Release|x86
		{3A8CF663-1BD6-49E2-B774-972DF0515033}.Release|x86.Deploy.0 = Release|x86
		{A288E32C-559D-4DFE-8A1F-1C369EC998D5}.Ad-Hoc|Any CPU.ActiveCfg = Debug|Any CPU
		{A288E32C-559D-4DFE-8A1F-1C369EC998D5}.Ad-Hoc|Any CPU.Build.0 = Debug|Any CPU
		{A288E32C-559D-4DFE-8A1F-1C369EC998D5}.Ad-Hoc|ARM.ActiveCfg = Debug|Any CPU
		{A288E32C-559D-4DFE-8A1F-1C369EC998D5}.Ad-Hoc|ARM.Build.0 = Debug|Any CPU
		{A288E32C-559D-4DFE-8A1F-1C369EC998D5}.Ad-Hoc|iPhone.ActiveCfg = Debug|Any CPU
		{A288E32C-559D-4DFE-8A1F-1C369EC998D5}.Ad-Hoc|iPhone.Build.0 = Debug|Any CPU
		{A288E32C-559D-4DFE-8A1F-1C369EC998D5}.Ad-Hoc|iPhoneSimulator.ActiveCfg = Debug|Any CPU
		{A288E32C-559D-4DFE-8A1F-1C369EC998D5}.Ad-Hoc|iPhoneSimulator.Build.0 = Debug|Any CPU
		{A288E32C-559D-4DFE-8A1F-1C369EC998D5}.Ad-Hoc|x64.ActiveCfg = Debug|Any CPU
		{A288E32C-559D-4DFE-8A1F-1C369EC998D5}.Ad-Hoc|x64.Build.0 = Debug|Any CPU
		{A288E32C-559D-4DFE-8A1F-1C369EC998D5}.Ad-Hoc|x86.ActiveCfg = Debug|Any CPU
		{A288E32C-559D-4DFE-8A1F-1C369EC998D5}.Ad-Hoc|x86.Build.0 = Debug|Any CPU
		{A288E32C-559D-4DFE-8A1F-1C369EC998D5}.AppStore|Any CPU.ActiveCfg = Debug|Any CPU
		{A288E32C-559D-4DFE-8A1F-1C369EC998D5}.AppStore|Any CPU.Build.0 = Debug|Any CPU
		{A288E32C-559D-4DFE-8A1F-1C369EC998D5}.AppStore|ARM.ActiveCfg = Debug|Any CPU
		{A288E32C-559D-4DFE-8A1F-1C369EC998D5}.AppStore|ARM.Build.0 = Debug|Any CPU
		{A288E32C-559D-4DFE-8A1F-1C369EC998D5}.AppStore|iPhone.ActiveCfg = Debug|Any CPU
		{A288E32C-559D-4DFE-8A1F-1C369EC998D5}.AppStore|iPhone.Build.0 = Debug|Any CPU
		{A288E32C-559D-4DFE-8A1F-1C369EC998D5}.AppStore|iPhoneSimulator.ActiveCfg = Debug|Any CPU
		{A288E32C-559D-4DFE-8A1F-1C369EC998D5}.AppStore|iPhoneSimulator.Build.0 = Debug|Any CPU
		{A288E32C-559D-4DFE-8A1F-1C369EC998D5}.AppStore|x64.ActiveCfg = Debug|Any CPU
		{A288E32C-559D-4DFE-8A1F-1C369EC998D5}.AppStore|x64.Build.0 = Debug|Any CPU
		{A288E32C-559D-4DFE-8A1F-1C369EC998D5}.AppStore|x86.ActiveCfg = Debug|Any CPU
		{A288E32C-559D-4DFE-8A1F-1C369EC998D5}.AppStore|x86.Build.0 = Debug|Any CPU
		{A288E32C-559D-4DFE-8A1F-1C369EC998D5}.Debug|Any CPU.ActiveCfg = Debug|Any CPU
		{A288E32C-559D-4DFE-8A1F-1C369EC998D5}.Debug|Any CPU.Build.0 = Debug|Any CPU
		{A288E32C-559D-4DFE-8A1F-1C369EC998D5}.Debug|ARM.ActiveCfg = Debug|Any CPU
		{A288E32C-559D-4DFE-8A1F-1C369EC998D5}.Debug|ARM.Build.0 = Debug|Any CPU
		{A288E32C-559D-4DFE-8A1F-1C369EC998D5}.Debug|iPhone.ActiveCfg = Debug|Any CPU
		{A288E32C-559D-4DFE-8A1F-1C369EC998D5}.Debug|iPhone.Build.0 = Debug|Any CPU
		{A288E32C-559D-4DFE-8A1F-1C369EC998D5}.Debug|iPhoneSimulator.ActiveCfg = Debug|Any CPU
		{A288E32C-559D-4DFE-8A1F-1C369EC998D5}.Debug|iPhoneSimulator.Build.0 = Debug|Any CPU
		{A288E32C-559D-4DFE-8A1F-1C369EC998D5}.Debug|x64.ActiveCfg = Debug|Any CPU
		{A288E32C-559D-4DFE-8A1F-1C369EC998D5}.Debug|x64.Build.0 = Debug|Any CPU
		{A288E32C-559D-4DFE-8A1F-1C369EC998D5}.Debug|x86.ActiveCfg = Debug|Any CPU
		{A288E32C-559D-4DFE-8A1F-1C369EC998D5}.Debug|x86.Build.0 = Debug|Any CPU
		{A288E32C-559D-4DFE-8A1F-1C369EC998D5}.Release|Any CPU.ActiveCfg = Release|Any CPU
		{A288E32C-559D-4DFE-8A1F-1C369EC998D5}.Release|Any CPU.Build.0 = Release|Any CPU
		{A288E32C-559D-4DFE-8A1F-1C369EC998D5}.Release|ARM.ActiveCfg = Release|Any CPU
		{A288E32C-559D-4DFE-8A1F-1C369EC998D5}.Release|ARM.Build.0 = Release|Any CPU
		{A288E32C-559D-4DFE-8A1F-1C369EC998D5}.Release|iPhone.ActiveCfg = Release|Any CPU
		{A288E32C-559D-4DFE-8A1F-1C369EC998D5}.Release|iPhone.Build.0 = Release|Any CPU
		{A288E32C-559D-4DFE-8A1F-1C369EC998D5}.Release|iPhoneSimulator.ActiveCfg = Release|Any CPU
		{A288E32C-559D-4DFE-8A1F-1C369EC998D5}.Release|iPhoneSimulator.Build.0 = Release|Any CPU
		{A288E32C-559D-4DFE-8A1F-1C369EC998D5}.Release|x64.ActiveCfg = Release|Any CPU
		{A288E32C-559D-4DFE-8A1F-1C369EC998D5}.Release|x64.Build.0 = Release|Any CPU
		{A288E32C-559D-4DFE-8A1F-1C369EC998D5}.Release|x86.ActiveCfg = Release|Any CPU
		{A288E32C-559D-4DFE-8A1F-1C369EC998D5}.Release|x86.Build.0 = Release|Any CPU
	EndGlobalSection
	GlobalSection(SolutionProperties) = preSolution
		HideSolutionNode = FALSE
	EndGlobalSection
	GlobalSection(NestedProjects) = preSolution
		{93090387-D182-4C2A-ACEF-14A89DA428CB} = {FC8D98B4-0617-4FBC-B9D8-619EFD1F5C38}
		{00E33ADC-C429-4533-BA80-FEFD4108B1BF} = {93090387-D182-4C2A-ACEF-14A89DA428CB}
		{01E181A5-B5A0-4386-A66B-7CF20F15133F} = {93090387-D182-4C2A-ACEF-14A89DA428CB}
		{9A5881E0-BD67-40EE-ABBB-01DF2C6ABAF2} = {93090387-D182-4C2A-ACEF-14A89DA428CB}
		{57BA24B3-EBC6-4FF8-ADE1-9EC505C244BE} = {93090387-D182-4C2A-ACEF-14A89DA428CB}
		{86267503-FA51-49FB-86CD-89E80E84138F} = {FED4A25E-2AD0-4133-A78C-EDDAB196CF6C}
		{8B77F108-C67B-45B1-8E4E-5372885D17D9} = {FED4A25E-2AD0-4133-A78C-EDDAB196CF6C}
		{35AA0C05-5D0A-4144-8F51-B54570ED6A6D} = {FED4A25E-2AD0-4133-A78C-EDDAB196CF6C}
		{3A8CF663-1BD6-49E2-B774-972DF0515033} = {FED4A25E-2AD0-4133-A78C-EDDAB196CF6C}
		{FED4A25E-2AD0-4133-A78C-EDDAB196CF6C} = {FC8D98B4-0617-4FBC-B9D8-619EFD1F5C38}
		{A288E32C-559D-4DFE-8A1F-1C369EC998D5} = {A43B4E26-8A2A-44AC-A69E-AFDFE7776693}
	EndGlobalSection
	GlobalSection(ExtensibilityGlobals) = postSolution
		SolutionGuid = {5964A34B-8ED4-4D49-9DB3-FCEF14432319}
	EndGlobalSection
EndGlobal
